
Microsoft Visual Studio Solution File, Format Version 12.00
# Visual Studio 15
VisualStudioVersion = 15.0.28307.1433
MinimumVisualStudioVersion = 10.0.40219.1
Project("{FAE04EC0-301F-11D3-BF4B-00C04F79EFBC}") = "B171210043_ProjeOdevi", "B171210043_ProjeOdevi\B171210043_ProjeOdevi.csproj", "{6BE6E2A3-A878-498A-BF1D-D9B5C204D0C3}"
EndProject
Global
	GlobalSection(SolutionConfigurationPlatforms) = preSolution
		Debug|Any CPU = Debug|Any CPU
		Release|Any CPU = Release|Any CPU
	EndGlobalSection
	GlobalSection(ProjectConfigurationPlatforms) = postSolution
		{6BE6E2A3-A878-498A-BF1D-D9B5C204D0C3}.Debug|Any CPU.ActiveCfg = Debug|Any CPU
		{6BE6E2A3-A878-498A-BF1D-D9B5C204D0C3}.Debug|Any CPU.Build.0 = Debug|Any CPU
		{6BE6E2A3-A878-498A-BF1D-D9B5C204D0C3}.Release|Any CPU.ActiveCfg = Release|Any CPU
		{6BE6E2A3-A878-498A-BF1D-D9B5C204D0C3}.Release|Any CPU.Build.0 = Release|Any CPU
	EndGlobalSection
	GlobalSection(SolutionProperties) = preSolution
		HideSolutionNode = FALSE
	EndGlobalSection
	GlobalSection(ExtensibilityGlobals) = postSolution
		SolutionGuid = {0FD1C156-AA7B-442C-BCFB-A3F2A6FE2D4E}
	EndGlobalSection
EndGlobal
